{
  "name": "@saif-tari/semantic-release-action",
  "version": "2.5.4",
  "lockfileVersion": 1,
  "requires": true,
  "dependencies": {
    "@actions/core": {
      "version": "1.4.0",
      "resolved": "https://registry.npmjs.org/@actions/core/-/core-1.4.0.tgz",
      "integrity": "sha512-CGx2ilGq5i7zSLgiiGUtBCxhRRxibJYU6Fim0Q1Wg2aQL2LTnF27zbqZOrxfvFQ55eSBW0L8uVStgtKMpa0Qlg=="
    },
    "@cycjimmy/awesome-js-funcs": {
      "version": "4.0.7",
      "resolved": "https://registry.npmjs.org/@cycjimmy/awesome-js-funcs/-/awesome-js-funcs-4.0.7.tgz",
      "integrity": "sha512-fKk1tj4Cw96BpTXsPfyxmECF3FK+gW1kbTdeTI1DjLTviDjoGy0N5upKrGr4zIULH8xQT9qWHTVN6ARNaZrdWA=="
    }
  }
}
